// !$*UTF8*$!
{
	archiveVersion = 1;
	classes = {
	};
	objectVersion = 48;
	objects = {

/* Begin PBXBuildFile section */
		63030E6B1FFC24CF00D092D3 /* AppDelegate.swift in Sources */ = {isa = PBXBuildFile; fileRef = 63030E6A1FFC24CF00D092D3 /* AppDelegate.swift */; };
		63030E6D1FFC24CF00D092D3 /* ViewController.swift in Sources */ = {isa = PBXBuildFile; fileRef = 63030E6C1FFC24CF00D092D3 /* ViewController.swift */; };
		63030E701FFC24CF00D092D3 /* Main.storyboard in Resources */ = {isa = PBXBuildFile; fileRef = 63030E6E1FFC24CF00D092D3 /* Main.storyboard */; };
		63030E721FFC24CF00D092D3 /* Assets.xcassets in Resources */ = {isa = PBXBuildFile; fileRef = 63030E711FFC24CF00D092D3 /* Assets.xcassets */; };
		63030E751FFC24CF00D092D3 /* LaunchScreen.storyboard in Resources */ = {isa = PBXBuildFile; fileRef = 63030E731FFC24CF00D092D3 /* LaunchScreen.storyboard */; };
		63030E7A1FFC24D000D092D3 /* Count1440 WatchKit App.app in Embed Watch Content */ = {isa = PBXBuildFile; fileRef = 63030E791FFC24D000D092D3 /* Count1440 WatchKit App.app */; };
		63030E801FFC24D000D092D3 /* Interface.storyboard in Resources */ = {isa = PBXBuildFile; fileRef = 63030E7E1FFC24D000D092D3 /* Interface.storyboard */; };
		63030E821FFC24D000D092D3 /* Assets.xcassets in Resources */ = {isa = PBXBuildFile; fileRef = 63030E811FFC24D000D092D3 /* Assets.xcassets */; };
		63030E891FFC24D000D092D3 /* Count1440 WatchKit Extension.appex in Embed App Extensions */ = {isa = PBXBuildFile; fileRef = 63030E881FFC24D000D092D3 /* Count1440 WatchKit Extension.appex */; settings = {ATTRIBUTES = (RemoveHeadersOnCopy, ); }; };
		63030E8E1FFC24D000D092D3 /* InterfaceController.swift in Sources */ = {isa = PBXBuildFile; fileRef = 63030E8D1FFC24D000D092D3 /* InterfaceController.swift */; };
		63030E901FFC24D000D092D3 /* ExtensionDelegate.swift in Sources */ = {isa = PBXBuildFile; fileRef = 63030E8F1FFC24D000D092D3 /* ExtensionDelegate.swift */; };
		63030E921FFC24D000D092D3 /* ComplicationController.swift in Sources */ = {isa = PBXBuildFile; fileRef = 63030E911FFC24D000D092D3 /* ComplicationController.swift */; };
		63030E941FFC24D000D092D3 /* Assets.xcassets in Resources */ = {isa = PBXBuildFile; fileRef = 63030E931FFC24D000D092D3 /* Assets.xcassets */; };
/* End PBXBuildFile section */

/* Begin PBXContainerItemProxy section */
		63030E7B1FFC24D000D092D3 /* PBXContainerItemProxy */ = {
			isa = PBXContainerItemProxy;
			containerPortal = 63030E5F1FFC24CF00D092D3 /* Project object */;
			proxyType = 1;
			remoteGlobalIDString = 63030E781FFC24D000D092D3;
			remoteInfo = "Count1440 WatchKit App";
		};
		63030E8A1FFC24D000D092D3 /* PBXContainerItemProxy */ = {
			isa = PBXContainerItemProxy;
			containerPortal = 63030E5F1FFC24CF00D092D3 /* Project object */;
			proxyType = 1;
			remoteGlobalIDString = 63030E871FFC24D000D092D3;
			remoteInfo = "Count1440 WatchKit Extension";
		};
/* End PBXContainerItemProxy section */

/* Begin PBXCopyFilesBuildPhase section */
		63030E9B1FFC24D000D092D3 /* Embed App Extensions */ = {
			isa = PBXCopyFilesBuildPhase;
			buildActionMask = 2147483647;
			dstPath = "";
			dstSubfolderSpec = 13;
			files = (
				63030E891FFC24D000D092D3 /* Count1440 WatchKit Extension.appex in Embed App Extensions */,
			);
			name = "Embed App Extensions";
			runOnlyForDeploymentPostprocessing = 0;
		};
		63030E9F1FFC24D000D092D3 /* Embed Watch Content */ = {
			isa = PBXCopyFilesBuildPhase;
			buildActionMask = 2147483647;
			dstPath = "$(CONTENTS_FOLDER_PATH)/Watch";
			dstSubfolderSpec = 16;
			files = (
				63030E7A1FFC24D000D092D3 /* Count1440 WatchKit App.app in Embed Watch Content */,
			);
			name = "Embed Watch Content";
			runOnlyForDeploymentPostprocessing = 0;
		};
/* End PBXCopyFilesBuildPhase section */

/* Begin PBXFileReference section */
		63030E671FFC24CF00D092D3 /* Count1440.app */ = {isa = PBXFileReference; explicitFileType = wrapper.application; includeInIndex = 0; path = Count1440.app; sourceTree = BUILT_PRODUCTS_DIR; };
		63030E6A1FFC24CF00D092D3 /* AppDelegate.swift */ = {isa = PBXFileReference; lastKnownFileType = sourcecode.swift; path = AppDelegate.swift; sourceTree = "<group>"; };
		63030E6C1FFC24CF00D092D3 /* ViewController.swift */ = {isa = PBXFileReference; lastKnownFileType = sourcecode.swift; path = ViewController.swift; sourceTree = "<group>"; };
		63030E6F1FFC24CF00D092D3 /* Base */ = {isa = PBXFileReference; lastKnownFileType = file.storyboard; name = Base; path = Base.lproj/Main.storyboard; sourceTree = "<group>"; };
		63030E711FFC24CF00D092D3 /* Assets.xcassets */ = {isa = PBXFileReference; lastKnownFileType = folder.assetcatalog; path = Assets.xcassets; sourceTree = "<group>"; };
		63030E741FFC24CF00D092D3 /* Base */ = {isa = PBXFileReference; lastKnownFileType = file.storyboard; name = Base; path = Base.lproj/LaunchScreen.storyboard; sourceTree = "<group>"; };
		63030E761FFC24CF00D092D3 /* Info.plist */ = {isa = PBXFileReference; lastKnownFileType = text.plist.xml; path = Info.plist; sourceTree = "<group>"; };
		63030E791FFC24D000D092D3 /* Count1440 WatchKit App.app */ = {isa = PBXFileReference; explicitFileType = wrapper.application; includeInIndex = 0; path = "Count1440 WatchKit App.app"; sourceTree = BUILT_PRODUCTS_DIR; };
		63030E7F1FFC24D000D092D3 /* Base */ = {isa = PBXFileReference; lastKnownFileType = file.storyboard; name = Base; path = Base.lproj/Interface.storyboard; sourceTree = "<group>"; };
		63030E811FFC24D000D092D3 /* Assets.xcassets */ = {isa = PBXFileReference; lastKnownFileType = folder.assetcatalog; path = Assets.xcassets; sourceTree = "<group>"; };
		63030E831FFC24D000D092D3 /* Info.plist */ = {isa = PBXFileReference; lastKnownFileType = text.plist.xml; path = Info.plist; sourceTree = "<group>"; };
		63030E881FFC24D000D092D3 /* Count1440 WatchKit Extension.appex */ = {isa = PBXFileReference; explicitFileType = "wrapper.app-extension"; includeInIndex = 0; path = "Count1440 WatchKit Extension.appex"; sourceTree = BUILT_PRODUCTS_DIR; };
		63030E8D1FFC24D000D092D3 /* InterfaceController.swift */ = {isa = PBXFileReference; lastKnownFileType = sourcecode.swift; path = InterfaceController.swift; sourceTree = "<group>"; };
		63030E8F1FFC24D000D092D3 /* ExtensionDelegate.swift */ = {isa = PBXFileReference; lastKnownFileType = sourcecode.swift; path = ExtensionDelegate.swift; sourceTree = "<group>"; };
		63030E911FFC24D000D092D3 /* ComplicationController.swift */ = {isa = PBXFileReference; lastKnownFileType = sourcecode.swift; path = ComplicationController.swift; sourceTree = "<group>"; };
		63030E931FFC24D000D092D3 /* Assets.xcassets */ = {isa = PBXFileReference; lastKnownFileType = folder.assetcatalog; path = Assets.xcassets; sourceTree = "<group>"; };
		63030E951FFC24D000D092D3 /* Info.plist */ = {isa = PBXFileReference; lastKnownFileType = text.plist.xml; path = Info.plist; sourceTree = "<group>"; };
/* End PBXFileReference section */

/* Begin PBXFrameworksBuildPhase section */
		63030E641FFC24CF00D092D3 /* Frameworks */ = {
			isa = PBXFrameworksBuildPhase;
			buildActionMask = 2147483647;
			files = (
			);
			runOnlyForDeploymentPostprocessing = 0;
		};
		63030E851FFC24D000D092D3 /* Frameworks */ = {
			isa = PBXFrameworksBuildPhase;
			buildActionMask = 2147483647;
			files = (
			);
			runOnlyForDeploymentPostprocessing = 0;
		};
/* End PBXFrameworksBuildPhase section */

/* Begin PBXGroup section */
		63030E5E1FFC24CF00D092D3 = {
			isa = PBXGroup;
			children = (
				63030E691FFC24CF00D092D3 /* Count1440 */,
				63030E7D1FFC24D000D092D3 /* Count1440 WatchKit App */,
				63030E8C1FFC24D000D092D3 /* Count1440 WatchKit Extension */,
				63030E681FFC24CF00D092D3 /* Products */,
			);
			sourceTree = "<group>";
		};
		63030E681FFC24CF00D092D3 /* Products */ = {
			isa = PBXGroup;
			children = (
				63030E671FFC24CF00D092D3 /* Count1440.app */,
				63030E791FFC24D000D092D3 /* Count1440 WatchKit App.app */,
				63030E881FFC24D000D092D3 /* Count1440 WatchKit Extension.appex */,
			);
			name = Products;
			sourceTree = "<group>";
		};
		63030E691FFC24CF00D092D3 /* Count1440 */ = {
			isa = PBXGroup;
			children = (
				63030E6A1FFC24CF00D092D3 /* AppDelegate.swift */,
				63030E6C1FFC24CF00D092D3 /* ViewController.swift */,
				63030E6E1FFC24CF00D092D3 /* Main.storyboard */,
				63030E711FFC24CF00D092D3 /* Assets.xcassets */,
				63030E731FFC24CF00D092D3 /* LaunchScreen.storyboard */,
				63030E761FFC24CF00D092D3 /* Info.plist */,
			);
			path = Count1440;
			sourceTree = "<group>";
		};
		63030E7D1FFC24D000D092D3 /* Count1440 WatchKit App */ = {
			isa = PBXGroup;
			children = (
				63030E7E1FFC24D000D092D3 /* Interface.storyboard */,
				63030E811FFC24D000D092D3 /* Assets.xcassets */,
				63030E831FFC24D000D092D3 /* Info.plist */,
			);
			path = "Count1440 WatchKit App";
			sourceTree = "<group>";
		};
		63030E8C1FFC24D000D092D3 /* Count1440 WatchKit Extension */ = {
			isa = PBXGroup;
			children = (
				63030E8D1FFC24D000D092D3 /* InterfaceController.swift */,
				63030E8F1FFC24D000D092D3 /* ExtensionDelegate.swift */,
				63030E911FFC24D000D092D3 /* ComplicationController.swift */,
				63030E931FFC24D000D092D3 /* Assets.xcassets */,
				63030E951FFC24D000D092D3 /* Info.plist */,
			);
			path = "Count1440 WatchKit Extension";
			sourceTree = "<group>";
		};
/* End PBXGroup section */

/* Begin PBXNativeTarget section */
		63030E661FFC24CF00D092D3 /* Count1440 */ = {
			isa = PBXNativeTarget;
			buildConfigurationList = 63030EA01FFC24D000D092D3 /* Build configuration list for PBXNativeTarget "Count1440" */;
			buildPhases = (
				63030E631FFC24CF00D092D3 /* Sources */,
				63030E641FFC24CF00D092D3 /* Frameworks */,
				63030E651FFC24CF00D092D3 /* Resources */,
				63030E9F1FFC24D000D092D3 /* Embed Watch Content */,
			);
			buildRules = (
			);
			dependencies = (
				63030E7C1FFC24D000D092D3 /* PBXTargetDependency */,
			);
			name = Count1440;
			productName = Count1440;
			productReference = 63030E671FFC24CF00D092D3 /* Count1440.app */;
			productType = "com.apple.product-type.application";
		};
		63030E781FFC24D000D092D3 /* Count1440 WatchKit App */ = {
			isa = PBXNativeTarget;
			buildConfigurationList = 63030E9C1FFC24D000D092D3 /* Build configuration list for PBXNativeTarget "Count1440 WatchKit App" */;
			buildPhases = (
				63030E771FFC24D000D092D3 /* Resources */,
				63030E9B1FFC24D000D092D3 /* Embed App Extensions */,
			);
			buildRules = (
			);
			dependencies = (
				63030E8B1FFC24D000D092D3 /* PBXTargetDependency */,
			);
			name = "Count1440 WatchKit App";
			productName = "Count1440 WatchKit App";
			productReference = 63030E791FFC24D000D092D3 /* Count1440 WatchKit App.app */;
			productType = "com.apple.product-type.application.watchapp2";
		};
		63030E871FFC24D000D092D3 /* Count1440 WatchKit Extension */ = {
			isa = PBXNativeTarget;
			buildConfigurationList = 63030E981FFC24D000D092D3 /* Build configuration list for PBXNativeTarget "Count1440 WatchKit Extension" */;
			buildPhases = (
				63030E841FFC24D000D092D3 /* Sources */,
				63030E851FFC24D000D092D3 /* Frameworks */,
				63030E861FFC24D000D092D3 /* Resources */,
			);
			buildRules = (
			);
			dependencies = (
			);
			name = "Count1440 WatchKit Extension";
			productName = "Count1440 WatchKit Extension";
			productReference = 63030E881FFC24D000D092D3 /* Count1440 WatchKit Extension.appex */;
			productType = "com.apple.product-type.watchkit2-extension";
		};
/* End PBXNativeTarget section */

/* Begin PBXProject section */
		63030E5F1FFC24CF00D092D3 /* Project object */ = {
			isa = PBXProject;
			attributes = {
				LastSwiftUpdateCheck = 0910;
				LastUpgradeCheck = 0910;
				ORGANIZATIONNAME = "Zabrina Brodale";
				TargetAttributes = {
					63030E661FFC24CF00D092D3 = {
						CreatedOnToolsVersion = 9.1;
						ProvisioningStyle = Automatic;
					};
					63030E781FFC24D000D092D3 = {
						CreatedOnToolsVersion = 9.1;
						ProvisioningStyle = Automatic;
					};
					63030E871FFC24D000D092D3 = {
						CreatedOnToolsVersion = 9.1;
						ProvisioningStyle = Automatic;
					};
				};
			};
			buildConfigurationList = 63030E621FFC24CF00D092D3 /* Build configuration list for PBXProject "Count1440" */;
			compatibilityVersion = "Xcode 8.0";
			developmentRegion = en;
			hasScannedForEncodings = 0;
			knownRegions = (
				en,
				Base,
			);
			mainGroup = 63030E5E1FFC24CF00D092D3;
			productRefGroup = 63030E681FFC24CF00D092D3 /* Products */;
			projectDirPath = "";
			projectRoot = "";
			targets = (
				63030E661FFC24CF00D092D3 /* Count1440 */,
				63030E781FFC24D000D092D3 /* Count1440 WatchKit App */,
				63030E871FFC24D000D092D3 /* Count1440 WatchKit Extension */,
			);
		};
/* End PBXProject section */

/* Begin PBXResourcesBuildPhase section */
		63030E651FFC24CF00D092D3 /* Resources */ = {
			isa = PBXResourcesBuildPhase;
			buildActionMask = 2147483647;
			files = (
				63030E751FFC24CF00D092D3 /* LaunchScreen.storyboard in Resources */,
				63030E721FFC24CF00D092D3 /* Assets.xcassets in Resources */,
				63030E701FFC24CF00D092D3 /* Main.storyboard in Resources */,
			);
			runOnlyForDeploymentPostprocessing = 0;
		};
		63030E771FFC24D000D092D3 /* Resources */ = {
			isa = PBXResourcesBuildPhase;
			buildActionMask = 2147483647;
			files = (
				63030E821FFC24D000D092D3 /* Assets.xcassets in Resources */,
				63030E801FFC24D000D092D3 /* Interface.storyboard in Resources */,
			);
			runOnlyForDeploymentPostprocessing = 0;
		};
		63030E861FFC24D000D092D3 /* Resources */ = {
			isa = PBXResourcesBuildPhase;
			buildActionMask = 2147483647;
			files = (
				63030E941FFC24D000D092D3 /* Assets.xcassets in Resources */,
			);
			runOnlyForDeploymentPostprocessing = 0;
		};
/* End PBXResourcesBuildPhase section */

/* Begin PBXSourcesBuildPhase section */
		63030E631FFC24CF00D092D3 /* Sources */ = {
			isa = PBXSourcesBuildPhase;
			buildActionMask = 2147483647;
			files = (
				63030E6D1FFC24CF00D092D3 /* ViewController.swift in Sources */,
				63030E6B1FFC24CF00D092D3 /* AppDelegate.swift in Sources */,
			);
			runOnlyForDeploymentPostprocessing = 0;
		};
		63030E841FFC24D000D092D3 /* Sources */ = {
			isa = PBXSourcesBuildPhase;
			buildActionMask = 2147483647;
			files = (
				63030E901FFC24D000D092D3 /* ExtensionDelegate.swift in Sources */,
				63030E8E1FFC24D000D092D3 /* InterfaceController.swift in Sources */,
				63030E921FFC24D000D092D3 /* ComplicationController.swift in Sources */,
			);
			runOnlyForDeploymentPostprocessing = 0;
		};
/* End PBXSourcesBuildPhase section */

/* Begin PBXTargetDependency section */
		63030E7C1FFC24D000D092D3 /* PBXTargetDependency */ = {
			isa = PBXTargetDependency;
			target = 63030E781FFC24D000D092D3 /* Count1440 WatchKit App */;
			targetProxy = 63030E7B1FFC24D000D092D3 /* PBXContainerItemProxy */;
		};
		63030E8B1FFC24D000D092D3 /* PBXTargetDependency */ = {
			isa = PBXTargetDependency;
			target = 63030E871FFC24D000D092D3 /* Count1440 WatchKit Extension */;
			targetProxy = 63030E8A1FFC24D000D092D3 /* PBXContainerItemProxy */;
		};
/* End PBXTargetDependency section */

/* Begin PBXVariantGroup section */
		63030E6E1FFC24CF00D092D3 /* Main.storyboard */ = {
			isa = PBXVariantGroup;
			children = (
				63030E6F1FFC24CF00D092D3 /* Base */,
			);
			name = Main.storyboard;
			sourceTree = "<group>";
		};
		63030E731FFC24CF00D092D3 /* LaunchScreen.storyboard */ = {
			isa = PBXVariantGroup;
			children = (
				63030E741FFC24CF00D092D3 /* Base */,
			);
			name = LaunchScreen.storyboard;
			sourceTree = "<group>";
		};
		63030E7E1FFC24D000D092D3 /* Interface.storyboard */ = {
			isa = PBXVariantGroup;
			children = (
				63030E7F1FFC24D000D092D3 /* Base */,
			);
			name = Interface.storyboard;
			sourceTree = "<group>";
		};
/* End PBXVariantGroup section */

/* Begin XCBuildConfiguration section */
		63030E961FFC24D000D092D3 /* Debug */ = {
			isa = XCBuildConfiguration;
			buildSettings = {
				ALWAYS_SEARCH_USER_PATHS = NO;
				CLANG_ANALYZER_NONNULL = YES;
				CLANG_ANALYZER_NUMBER_OBJECT_CONVERSION = YES_AGGRESSIVE;
				CLANG_CXX_LANGUAGE_STANDARD = "gnu++14";
				CLANG_CXX_LIBRARY = "libc++";
				CLANG_ENABLE_MODULES = YES;
				CLANG_ENABLE_OBJC_ARC = YES;
				CLANG_WARN_BLOCK_CAPTURE_AUTORELEASING = YES;
				CLANG_WARN_BOOL_CONVERSION = YES;
				CLANG_WARN_COMMA = YES;
				CLANG_WARN_CONSTANT_CONVERSION = YES;
				CLANG_WARN_DIRECT_OBJC_ISA_USAGE = YES_ERROR;
				CLANG_WARN_DOCUMENTATION_COMMENTS = YES;
				CLANG_WARN_EMPTY_BODY = YES;
				CLANG_WARN_ENUM_CONVERSION = YES;
				CLANG_WARN_INFINITE_RECURSION = YES;
				CLANG_WARN_INT_CONVERSION = YES;
				CLANG_WARN_NON_LITERAL_NULL_CONVERSION = YES;
				CLANG_WARN_OBJC_LITERAL_CONVERSION = YES;
				CLANG_WARN_OBJC_ROOT_CLASS = YES_ERROR;
				CLANG_WARN_RANGE_LOOP_ANALYSIS = YES;
				CLANG_WARN_STRICT_PROTOTYPES = YES;
				CLANG_WARN_SUSPICIOUS_MOVE = YES;
				CLANG_WARN_UNGUARDED_AVAILABILITY = YES_AGGRESSIVE;
				CLANG_WARN_UNREACHABLE_CODE = YES;
				CLANG_WARN__DUPLICATE_METHOD_MATCH = YES;
				CODE_SIGN_IDENTITY = "iPhone Developer";
				COPY_PHASE_STRIP = NO;
				DEBUG_INFORMATION_FORMAT = dwarf;
				ENABLE_STRICT_OBJC_MSGSEND = YES;
				ENABLE_TESTABILITY = YES;
				GCC_C_LANGUAGE_STANDARD = gnu11;
				GCC_DYNAMIC_NO_PIC = NO;
				GCC_NO_COMMON_BLOCKS = YES;
				GCC_OPTIMIZATION_LEVEL = 0;
				GCC_PREPROCESSOR_DEFINITIONS = (
					"DEBUG=1",
					"$(inherited)",
				);
				GCC_WARN_64_TO_32_BIT_CONVERSION = YES;
				GCC_WARN_ABOUT_RETURN_TYPE = YES_ERROR;
				GCC_WARN_UNDECLARED_SELECTOR = YES;
				GCC_WARN_UNINITIALIZED_AUTOS = YES_AGGRESSIVE;
				GCC_WARN_UNUSED_FUNCTION = YES;
				GCC_WARN_UNUSED_VARIABLE = YES;
				IPHONEOS_DEPLOYMENT_TARGET = 11.1;
				MTL_ENABLE_DEBUG_INFO = YES;
				ONLY_ACTIVE_ARCH = YES;
				SDKROOT = iphoneos;
				SWIFT_ACTIVE_COMPILATION_CONDITIONS = DEBUG;
				SWIFT_OPTIMIZATION_LEVEL = "-Onone";
			};
			name = Debug;
		};
		63030E971FFC24D000D092D3 /* Release */ = {
			isa = XCBuildConfiguration;
			buildSettings = {
				ALWAYS_SEARCH_USER_PATHS = NO;
				CLANG_ANALYZER_NONNULL = YES;
				CLANG_ANALYZER_NUMBER_OBJECT_CONVERSION = YES_AGGRESSIVE;
				CLANG_CXX_LANGUAGE_STANDARD = "gnu++14";
				CLANG_CXX_LIBRARY = "libc++";
				CLANG_ENABLE_MODULES = YES;
				CLANG_ENABLE_OBJC_ARC = YES;
				CLANG_WARN_BLOCK_CAPTURE_AUTORELEASING = YES;
				CLANG_WARN_BOOL_CONVERSION = YES;
				CLANG_WARN_COMMA = YES;
				CLANG_WARN_CONSTANT_CONVERSION = YES;
				CLANG_WARN_DIRECT_OBJC_ISA_USAGE = YES_ERROR;
				CLANG_WARN_DOCUMENTATION_COMMENTS = YES;
				CLANG_WARN_EMPTY_BODY = YES;
				CLANG_WARN_ENUM_CONVERSION = YES;
				CLANG_WARN_INFINITE_RECURSION = YES;
				CLANG_WARN_INT_CONVERSION = YES;
				CLANG_WARN_NON_LITERAL_NULL_CONVERSION = YES;
				CLANG_WARN_OBJC_LITERAL_CONVERSION = YES;
				CLANG_WARN_OBJC_ROOT_CLASS = YES_ERROR;
				CLANG_WARN_RANGE_LOOP_ANALYSIS = YES;
				CLANG_WARN_STRICT_PROTOTYPES = YES;
				CLANG_WARN_SUSPICIOUS_MOVE = YES;
				CLANG_WARN_UNGUARDED_AVAILABILITY = YES_AGGRESSIVE;
				CLANG_WARN_UNREACHABLE_CODE = YES;
				CLANG_WARN__DUPLICATE_METHOD_MATCH = YES;
				CODE_SIGN_IDENTITY = "iPhone Developer";
				COPY_PHASE_STRIP = NO;
				DEBUG_INFORMATION_FORMAT = "dwarf-with-dsym";
				ENABLE_NS_ASSERTIONS = NO;
				ENABLE_STRICT_OBJC_MSGSEND = YES;
				GCC_C_LANGUAGE_STANDARD = gnu11;
				GCC_NO_COMMON_BLOCKS = YES;
				GCC_WARN_64_TO_32_BIT_CONVERSION = YES;
				GCC_WARN_ABOUT_RETURN_TYPE = YES_ERROR;
				GCC_WARN_UNDECLARED_SELECTOR = YES;
				GCC_WARN_UNINITIALIZED_AUTOS = YES_AGGRESSIVE;
				GCC_WARN_UNUSED_FUNCTION = YES;
				GCC_WARN_UNUSED_VARIABLE = YES;
				IPHONEOS_DEPLOYMENT_TARGET = 11.1;
				MTL_ENABLE_DEBUG_INFO = NO;
				SDKROOT = iphoneos;
				SWIFT_OPTIMIZATION_LEVEL = "-Owholemodule";
				VALIDATE_PRODUCT = YES;
			};
			name = Release;
		};
		63030E991FFC24D000D092D3 /* Debug */ = {
			isa = XCBuildConfiguration;
			buildSettings = {
				ASSETCATALOG_COMPILER_COMPLICATION_NAME = Complication;
				CODE_SIGN_STYLE = Automatic;
				INFOPLIST_FILE = "Count1440 WatchKit Extension/Info.plist";
				LD_RUNPATH_SEARCH_PATHS = "$(inherited) @executable_path/Frameworks @executable_path/../../Frameworks";
				PRODUCT_BUNDLE_IDENTIFIER = ZB.Count1440.watchkitapp.watchkitextension;
				PRODUCT_NAME = "${TARGET_NAME}";
				SDKROOT = watchos;
				SKIP_INSTALL = YES;
				SWIFT_VERSION = 4.0;
				TARGETED_DEVICE_FAMILY = 4;
				WATCHOS_DEPLOYMENT_TARGET = 4.1;
			};
			name = Debug;
		};
		63030E9A1FFC24D000D092D3 /* Release */ = {
			isa = XCBuildConfiguration;
			buildSettings = {
				ASSETCATALOG_COMPILER_COMPLICATION_NAME = Complication;
				CODE_SIGN_STYLE = Automatic;
				INFOPLIST_FILE = "Count1440 WatchKit Extension/Info.plist";
				LD_RUNPATH_SEARCH_PATHS = "$(inherited) @executable_path/Frameworks @executable_path/../../Frameworks";
				PRODUCT_BUNDLE_IDENTIFIER = ZB.Count1440.watchkitapp.watchkitextension;
				PRODUCT_NAME = "${TARGET_NAME}";
				SDKROOT = watchos;
				SKIP_INSTALL = YES;
				SWIFT_VERSION = 4.0;
				TARGETED_DEVICE_FAMILY = 4;
				WATCHOS_DEPLOYMENT_TARGET = 4.1;
			};
			name = Release;
		};
		63030E9D1FFC24D000D092D3 /* Debug */ = {
			isa = XCBuildConfiguration;
			buildSettings = {
				ALWAYS_EMBED_SWIFT_STANDARD_LIBRARIES = YES;
				ASSETCATALOG_COMPILER_APPICON_NAME = AppIcon;
				CODE_SIGN_STYLE = Automatic;
				IBSC_MODULE = Count1440_WatchKit_Extension;
				INFOPLIST_FILE = "Count1440 WatchKit App/Info.plist";
				PRODUCT_BUNDLE_IDENTIFIER = ZB.Count1440.watchkitapp;
				PRODUCT_NAME = "$(TARGET_NAME)";
				SDKROOT = watchos;
				SKIP_INSTALL = YES;
				SWIFT_VERSION = 4.0;
				TARGETED_DEVICE_FAMILY = 4;
				WATCHOS_DEPLOYMENT_TARGET = 4.1;
			};
			name = Debug;
		};
		63030E9E1FFC24D000D092D3 /* Release */ = {
			isa = XCBuildConfiguration;
			buildSettings = {
				ALWAYS_EMBED_SWIFT_STANDARD_LIBRARIES = YES;
				ASSETCATALOG_COMPILER_APPICON_NAME = AppIcon;
				CODE_SIGN_STYLE = Automatic;
				IBSC_MODULE = Count1440_WatchKit_Extension;
				INFOPLIST_FILE = "Count1440 WatchKit App/Info.plist";
				PRODUCT_BUNDLE_IDENTIFIER = ZB.Count1440.watchkitapp;
				PRODUCT_NAME = "$(TARGET_NAME)";
				SDKROOT = watchos;
				SKIP_INSTALL = YES;
				SWIFT_VERSION = 4.0;
				TARGETED_DEVICE_FAMILY = 4;
				WATCHOS_DEPLOYMENT_TARGET = 4.1;
			};
			name = Release;
		};
		63030EA11FFC24D000D092D3 /* Debug */ = {
			isa = XCBuildConfiguration;
			buildSettings = {
				ASSETCATALOG_COMPILER_APPICON_NAME = AppIcon;
				CODE_SIGN_STYLE = Automatic;
				INFOPLIST_FILE = Count1440/Info.plist;
				LD_RUNPATH_SEARCH_PATHS = "$(inherited) @executable_path/Frameworks";
				PRODUCT_BUNDLE_IDENTIFIER = ZB.Count1440;
				PRODUCT_NAME = "$(TARGET_NAME)";
				SWIFT_VERSION = 4.0;
				TARGETED_DEVICE_FAMILY = "1,2";
			};
			name = Debug;
		};
		63030EA21FFC24D000D092D3 /* Release */ = {
			isa = XCBuildConfiguration;
			buildSettings = {
				ASSETCATALOG_COMPILER_APPICON_NAME = AppIcon;
				CODE_SIGN_STYLE = Automatic;
				INFOPLIST_FILE = Count1440/Info.plist;
				LD_RUNPATH_SEARCH_PATHS = "$(inherited) @executable_path/Frameworks";
				PRODUCT_BUNDLE_IDENTIFIER = ZB.Count1440;
				PRODUCT_NAME = "$(TARGET_NAME)";
				SWIFT_VERSION = 4.0;
				TARGETED_DEVICE_FAMILY = "1,2";
			};
			name = Release;
		};
/* End XCBuildConfiguration section */

/* Begin XCConfigurationList section */
		63030E621FFC24CF00D092D3 /* Build configuration list for PBXProject "Count1440" */ = {
			isa = XCConfigurationList;
			buildConfigurations = (
				63030E961FFC24D000D092D3 /* Debug */,
				63030E971FFC24D000D092D3 /* Release */,
			);
			defaultConfigurationIsVisible = 0;
			defaultConfigurationName = Release;
		};
		63030E981FFC24D000D092D3 /* Build configuration list for PBXNativeTarget "Count1440 WatchKit Extension" */ = {
			isa = XCConfigurationList;
			buildConfigurations = (
				63030E991FFC24D000D092D3 /* Debug */,
				63030E9A1FFC24D000D092D3 /* Release */,
			);
			defaultConfigurationIsVisible = 0;
			defaultConfigurationName = Release;
		};
		63030E9C1FFC24D000D092D3 /* Build configuration list for PBXNativeTarget "Count1440 WatchKit App" */ = {
			isa = XCConfigurationList;
			buildConfigurations = (
				63030E9D1FFC24D000D092D3 /* Debug */,
				63030E9E1FFC24D000D092D3 /* Release */,
			);
			defaultConfigurationIsVisible = 0;
			defaultConfigurationName = Release;
		};
		63030EA01FFC24D000D092D3 /* Build configuration list for PBXNativeTarget "Count1440" */ = {
			isa = XCConfigurationList;
			buildConfigurations = (
				63030EA11FFC24D000D092D3 /* Debug */,
				63030EA21FFC24D000D092D3 /* Release */,
			);
			defaultConfigurationIsVisible = 0;
			defaultConfigurationName = Release;
		};
/* End XCConfigurationList section */
	};
	rootObject = 63030E5F1FFC24CF00D092D3 /* Project object */;
}
